
Microsoft Visual Studio Solution File, Format Version 12.00
# Visual Studio Version 17
VisualStudioVersion = 17.7.34003.232
MinimumVisualStudioVersion = 10.0.40219.1
Project("{FAE04EC0-301F-11D3-BF4B-00C04F79EFBC}") = "Presentation_layer", "Presentation_layer\Presentation_layer.csproj", "{E2B7E285-24C9-4F96-9679-20A3157BDA52}"
EndProject
Project("{FAE04EC0-301F-11D3-BF4B-00C04F79EFBC}") = "Business_layer", "Business_layer\Business_layer.csproj", "{02745CD0-85C2-4471-96DF-19A68CE77B50}"
EndProject
Project("{FAE04EC0-301F-11D3-BF4B-00C04F79EFBC}") = "Data_layer", "Data_layer\Data_layer.csproj", "{F6C8D94B-CCAF-4C1A-8C43-3D809EA465D4}"
EndProject
Project("{FAE04EC0-301F-11D3-BF4B-00C04F79EFBC}") = "Business_layerTests", "Business_layerTests\Business_layerTests.csproj", "{90579CB8-84A1-4640-937D-A8462BD3B08F}"
EndProject
Global
	GlobalSection(SolutionConfigurationPlatforms) = preSolution
		Debug|Any CPU = Debug|Any CPU
		Release|Any CPU = Release|Any CPU
	EndGlobalSection
	GlobalSection(ProjectConfigurationPlatforms) = postSolution
		{E2B7E285-24C9-4F96-9679-20A3157BDA52}.Debug|Any CPU.ActiveCfg = Debug|Any CPU
		{E2B7E285-24C9-4F96-9679-20A3157BDA52}.Debug|Any CPU.Build.0 = Debug|Any CPU
		{E2B7E285-24C9-4F96-9679-20A3157BDA52}.Release|Any CPU.ActiveCfg = Release|Any CPU
		{E2B7E285-24C9-4F96-9679-20A3157BDA52}.Release|Any CPU.Build.0 = Release|Any CPU
		{02745CD0-85C2-4471-96DF-19A68CE77B50}.Debug|Any CPU.ActiveCfg = Debug|Any CPU
		{02745CD0-85C2-4471-96DF-19A68CE77B50}.Debug|Any CPU.Build.0 = Debug|Any CPU
		{02745CD0-85C2-4471-96DF-19A68CE77B50}.Release|Any CPU.ActiveCfg = Release|Any CPU
		{02745CD0-85C2-4471-96DF-19A68CE77B50}.Release|Any CPU.Build.0 = Release|Any CPU
		{F6C8D94B-CCAF-4C1A-8C43-3D809EA465D4}.Debug|Any CPU.ActiveCfg = Debug|Any CPU
		{F6C8D94B-CCAF-4C1A-8C43-3D809EA465D4}.Debug|Any CPU.Build.0 = Debug|Any CPU
		{F6C8D94B-CCAF-4C1A-8C43-3D809EA465D4}.Release|Any CPU.ActiveCfg = Release|Any CPU
		{F6C8D94B-CCAF-4C1A-8C43-3D809EA465D4}.Release|Any CPU.Build.0 = Release|Any CPU
		{90579CB8-84A1-4640-937D-A8462BD3B08F}.Debug|Any CPU.ActiveCfg = Debug|Any CPU
		{90579CB8-84A1-4640-937D-A8462BD3B08F}.Debug|Any CPU.Build.0 = Debug|Any CPU
		{90579CB8-84A1-4640-937D-A8462BD3B08F}.Release|Any CPU.ActiveCfg = Release|Any CPU
		{90579CB8-84A1-4640-937D-A8462BD3B08F}.Release|Any CPU.Build.0 = Release|Any CPU
	EndGlobalSection
	GlobalSection(SolutionProperties) = preSolution
		HideSolutionNode = FALSE
	EndGlobalSection
	GlobalSection(ExtensibilityGlobals) = postSolution
		SolutionGuid = {F5E8E19F-87E7-4FBF-82BC-F134AA09B419}
	EndGlobalSection
EndGlobal
